
Microsoft Visual Studio Solution File, Format Version 12.00
# Visual Studio 14
VisualStudioVersion = 14.0.25420.1
MinimumVisualStudioVersion = 10.0.40219.1
Project("{FAE04EC0-301F-11D3-BF4B-00C04F79EFBC}") = "WebSite.Mvc", "WebSite.Mvc\WebSite.Mvc.csproj", "{637821B6-EA8D-4448-8ADE-84B5FDDA1534}"
EndProject
Project("{FAE04EC0-301F-11D3-BF4B-00C04F79EFBC}") = "Utilitario.Test", "Utility.Test\Utilitario.Test.csproj", "{6E5B5895-767C-4EA3-B0C2-344AC562C186}"
EndProject
Project("{FAE04EC0-301F-11D3-BF4B-00C04F79EFBC}") = "WebSiteTest.FunctionalTest", "WebSiteTest.FunctionalTest\WebSiteTest.FunctionalTest.csproj", "{FA4FBA18-2D26-424E-97B2-103C6BD1703E}"
EndProject
Global
	GlobalSection(SolutionConfigurationPlatforms) = preSolution
		Debug|Any CPU = Debug|Any CPU
		Release|Any CPU = Release|Any CPU
	EndGlobalSection
	GlobalSection(ProjectConfigurationPlatforms) = postSolution
		{637821B6-EA8D-4448-8ADE-84B5FDDA1534}.Debug|Any CPU.ActiveCfg = Debug|Any CPU
		{637821B6-EA8D-4448-8ADE-84B5FDDA1534}.Debug|Any CPU.Build.0 = Debug|Any CPU
		{637821B6-EA8D-4448-8ADE-84B5FDDA1534}.Release|Any CPU.ActiveCfg = Release|Any CPU
		{637821B6-EA8D-4448-8ADE-84B5FDDA1534}.Release|Any CPU.Build.0 = Release|Any CPU
		{6E5B5895-767C-4EA3-B0C2-344AC562C186}.Debug|Any CPU.ActiveCfg = Debug|Any CPU
		{6E5B5895-767C-4EA3-B0C2-344AC562C186}.Debug|Any CPU.Build.0 = Debug|Any CPU
		{6E5B5895-767C-4EA3-B0C2-344AC562C186}.Release|Any CPU.ActiveCfg = Release|Any CPU
		{6E5B5895-767C-4EA3-B0C2-344AC562C186}.Release|Any CPU.Build.0 = Release|Any CPU
		{FA4FBA18-2D26-424E-97B2-103C6BD1703E}.Debug|Any CPU.ActiveCfg = Debug|Any CPU
		{FA4FBA18-2D26-424E-97B2-103C6BD1703E}.Debug|Any CPU.Build.0 = Debug|Any CPU
		{FA4FBA18-2D26-424E-97B2-103C6BD1703E}.Release|Any CPU.ActiveCfg = Release|Any CPU
		{FA4FBA18-2D26-424E-97B2-103C6BD1703E}.Release|Any CPU.Build.0 = Release|Any CPU
	EndGlobalSection
	GlobalSection(SolutionProperties) = preSolution
		HideSolutionNode = FALSE
	EndGlobalSection
EndGlobal
